
Microsoft Visual Studio Solution File, Format Version 12.00
# Visual Studio Version 17
VisualStudioVersion = 17.9.34714.143
MinimumVisualStudioVersion = 10.0.40219.1
Project("{FAE04EC0-301F-11D3-BF4B-00C04F79EFBC}") = "ModpackDownloadAPI", "ModpackDownloadAPI.csproj", "{FBD996D3-6FD4-43E1-BCFA-C4EE7BF64E18}"
EndProject
Global
	GlobalSection(SolutionConfigurationPlatforms) = preSolution
		Debug|Any CPU = Debug|Any CPU
		Release|Any CPU = Release|Any CPU
	EndGlobalSection
	GlobalSection(ProjectConfigurationPlatforms) = postSolution
		{FBD996D3-6FD4-43E1-BCFA-C4EE7BF64E18}.Debug|Any CPU.ActiveCfg = Debug|Any CPU
		{FBD996D3-6FD4-43E1-BCFA-C4EE7BF64E18}.Debug|Any CPU.Build.0 = Debug|Any CPU
		{FBD996D3-6FD4-43E1-BCFA-C4EE7BF64E18}.Release|Any CPU.ActiveCfg = Release|Any CPU
		{FBD996D3-6FD4-43E1-BCFA-C4EE7BF64E18}.Release|Any CPU.Build.0 = Release|Any CPU
	EndGlobalSection
	GlobalSection(SolutionProperties) = preSolution
		HideSolutionNode = FALSE
	EndGlobalSection
	GlobalSection(ExtensibilityGlobals) = postSolution
		SolutionGuid = {876F6478-9BCD-4080-9173-CBC7E3E71FB1}
	EndGlobalSection
EndGlobal
